
Microsoft Visual Studio Solution File, Format Version 12.00
# Visual Studio Version 16
VisualStudioVersion = 16.0.31313.79
MinimumVisualStudioVersion = 10.0.40219.1
Project("{9A19103F-16F7-4668-BE54-9A1E7A4F7556}") = "LinuxLudo.API", "LinuxLudo.API\LinuxLudo.API.csproj", "{C48F942B-CBC4-4ED5-8A20-B9D354A84537}"
EndProject
Project("{FAE04EC0-301F-11D3-BF4B-00C04F79EFBC}") = "LinuxLudo.Web", "LinuxLudo.Web\LinuxLudo.Web.csproj", "{0B9D43C3-E17F-4D2F-BA84-0984E3747B31}"
EndProject
Project("{FAE04EC0-301F-11D3-BF4B-00C04F79EFBC}") = "LinuxLudo.Core", "LinuxLudo.Core\LinuxLudo.Core.csproj", "{7F8E972D-2398-42F0-8A91-0EAD0E4EF36D}"
EndProject
Global
	GlobalSection(SolutionConfigurationPlatforms) = preSolution
		Debug|Any CPU = Debug|Any CPU
		Release|Any CPU = Release|Any CPU
	EndGlobalSection
	GlobalSection(ProjectConfigurationPlatforms) = postSolution
		{C48F942B-CBC4-4ED5-8A20-B9D354A84537}.Debug|Any CPU.ActiveCfg = Debug|Any CPU
		{C48F942B-CBC4-4ED5-8A20-B9D354A84537}.Debug|Any CPU.Build.0 = Debug|Any CPU
		{C48F942B-CBC4-4ED5-8A20-B9D354A84537}.Release|Any CPU.ActiveCfg = Release|Any CPU
		{C48F942B-CBC4-4ED5-8A20-B9D354A84537}.Release|Any CPU.Build.0 = Release|Any CPU
		{0B9D43C3-E17F-4D2F-BA84-0984E3747B31}.Debug|Any CPU.ActiveCfg = Debug|Any CPU
		{0B9D43C3-E17F-4D2F-BA84-0984E3747B31}.Debug|Any CPU.Build.0 = Debug|Any CPU
		{0B9D43C3-E17F-4D2F-BA84-0984E3747B31}.Release|Any CPU.ActiveCfg = Release|Any CPU
		{0B9D43C3-E17F-4D2F-BA84-0984E3747B31}.Release|Any CPU.Build.0 = Release|Any CPU
		{7F8E972D-2398-42F0-8A91-0EAD0E4EF36D}.Debug|Any CPU.ActiveCfg = Debug|Any CPU
		{7F8E972D-2398-42F0-8A91-0EAD0E4EF36D}.Debug|Any CPU.Build.0 = Debug|Any CPU
		{7F8E972D-2398-42F0-8A91-0EAD0E4EF36D}.Release|Any CPU.ActiveCfg = Release|Any CPU
		{7F8E972D-2398-42F0-8A91-0EAD0E4EF36D}.Release|Any CPU.Build.0 = Release|Any CPU
	EndGlobalSection
	GlobalSection(SolutionProperties) = preSolution
		HideSolutionNode = FALSE
	EndGlobalSection
	GlobalSection(ExtensibilityGlobals) = postSolution
		SolutionGuid = {EDECF52A-833F-481A-99B0-04129E6BEC70}
	EndGlobalSection
EndGlobal
